// !$*UTF8*$!
{
	archiveVersion = 1;
	classes = {
	};
	objectVersion = 55;
	objects = {

/* Begin PBXBuildFile section */
		225284B027983DD000FB5C50 /* AppDelegate.swift in Sources */ = {isa = PBXBuildFile; fileRef = 225284AF27983DD000FB5C50 /* AppDelegate.swift */; };
		225284B227983DD000FB5C50 /* SceneDelegate.swift in Sources */ = {isa = PBXBuildFile; fileRef = 225284B127983DD000FB5C50 /* SceneDelegate.swift */; };
		225284B427983DD000FB5C50 /* ViewController.swift in Sources */ = {isa = PBXBuildFile; fileRef = 225284B327983DD000FB5C50 /* ViewController.swift */; };
		225284B727983DD000FB5C50 /* Main.storyboard in Resources */ = {isa = PBXBuildFile; fileRef = 225284B527983DD000FB5C50 /* Main.storyboard */; };
		225284B927983DD100FB5C50 /* Assets.xcassets in Resources */ = {isa = PBXBuildFile; fileRef = 225284B827983DD100FB5C50 /* Assets.xcassets */; };
		225284BC27983DD100FB5C50 /* LaunchScreen.storyboard in Resources */ = {isa = PBXBuildFile; fileRef = 225284BA27983DD100FB5C50 /* LaunchScreen.storyboard */; };
		225284C727983DD100FB5C50 /* Bitrise_DemoTests.swift in Sources */ = {isa = PBXBuildFile; fileRef = 225284C627983DD100FB5C50 /* Bitrise_DemoTests.swift */; };
		225284D127983DD100FB5C50 /* Bitrise_DemoUITests.swift in Sources */ = {isa = PBXBuildFile; fileRef = 225284D027983DD100FB5C50 /* Bitrise_DemoUITests.swift */; };
		225284D327983DD100FB5C50 /* Bitrise_DemoUITestsLaunchTests.swift in Sources */ = {isa = PBXBuildFile; fileRef = 225284D227983DD100FB5C50 /* Bitrise_DemoUITestsLaunchTests.swift */; };
/* End PBXBuildFile section */

/* Begin PBXContainerItemProxy section */
		225284C327983DD100FB5C50 /* PBXContainerItemProxy */ = {
			isa = PBXContainerItemProxy;
			containerPortal = 225284A427983DD000FB5C50 /* Project object */;
			proxyType = 1;
			remoteGlobalIDString = 225284AB27983DD000FB5C50;
			remoteInfo = Bitrise_Demo;
		};
		225284CD27983DD100FB5C50 /* PBXContainerItemProxy */ = {
			isa = PBXContainerItemProxy;
			containerPortal = 225284A427983DD000FB5C50 /* Project object */;
			proxyType = 1;
			remoteGlobalIDString = 225284AB27983DD000FB5C50;
			remoteInfo = Bitrise_Demo;
		};
/* End PBXContainerItemProxy section */

/* Begin PBXFileReference section */
		225284AC27983DD000FB5C50 /* Bitrise_Demo.app */ = {isa = PBXFileReference; explicitFileType = wrapper.application; includeInIndex = 0; path = Bitrise_Demo.app; sourceTree = BUILT_PRODUCTS_DIR; };
		225284AF27983DD000FB5C50 /* AppDelegate.swift */ = {isa = PBXFileReference; lastKnownFileType = sourcecode.swift; path = AppDelegate.swift; sourceTree = "<group>"; };
		225284B127983DD000FB5C50 /* SceneDelegate.swift */ = {isa = PBXFileReference; lastKnownFileType = sourcecode.swift; path = SceneDelegate.swift; sourceTree = "<group>"; };
		225284B327983DD000FB5C50 /* ViewController.swift */ = {isa = PBXFileReference; lastKnownFileType = sourcecode.swift; path = ViewController.swift; sourceTree = "<group>"; };
		225284B627983DD000FB5C50 /* Base */ = {isa = PBXFileReference; lastKnownFileType = file.storyboard; name = Base; path = Base.lproj/Main.storyboard; sourceTree = "<group>"; };
		225284B827983DD100FB5C50 /* Assets.xcassets */ = {isa = PBXFileReference; lastKnownFileType = folder.assetcatalog; path = Assets.xcassets; sourceTree = "<group>"; };
		225284BB27983DD100FB5C50 /* Base */ = {isa = PBXFileReference; lastKnownFileType = file.storyboard; name = Base; path = Base.lproj/LaunchScreen.storyboard; sourceTree = "<group>"; };
		225284BD27983DD100FB5C50 /* Info.plist */ = {isa = PBXFileReference; lastKnownFileType = text.plist.xml; path = Info.plist; sourceTree = "<group>"; };
		225284C227983DD100FB5C50 /* Bitrise_DemoTests.xctest */ = {isa = PBXFileReference; explicitFileType = wrapper.cfbundle; includeInIndex = 0; path = Bitrise_DemoTests.xctest; sourceTree = BUILT_PRODUCTS_DIR; };
		225284C627983DD100FB5C50 /* Bitrise_DemoTests.swift */ = {isa = PBXFileReference; lastKnownFileType = sourcecode.swift; path = Bitrise_DemoTests.swift; sourceTree = "<group>"; };
		225284CC27983DD100FB5C50 /* Bitrise_DemoUITests.xctest */ = {isa = PBXFileReference; explicitFileType = wrapper.cfbundle; includeInIndex = 0; path = Bitrise_DemoUITests.xctest; sourceTree = BUILT_PRODUCTS_DIR; };
		225284D027983DD100FB5C50 /* Bitrise_DemoUITests.swift */ = {isa = PBXFileReference; lastKnownFileType = sourcecode.swift; path = Bitrise_DemoUITests.swift; sourceTree = "<group>"; };
		225284D227983DD100FB5C50 /* Bitrise_DemoUITestsLaunchTests.swift */ = {isa = PBXFileReference; lastKnownFileType = sourcecode.swift; path = Bitrise_DemoUITestsLaunchTests.swift; sourceTree = "<group>"; };
/* End PBXFileReference section */

/* Begin PBXFrameworksBuildPhase section */
		225284A927983DD000FB5C50 /* Frameworks */ = {
			isa = PBXFrameworksBuildPhase;
			buildActionMask = 2147483647;
			files = (
			);
			runOnlyForDeploymentPostprocessing = 0;
		};
		225284BF27983DD100FB5C50 /* Frameworks */ = {
			isa = PBXFrameworksBuildPhase;
			buildActionMask = 2147483647;
			files = (
			);
			runOnlyForDeploymentPostprocessing = 0;
		};
		225284C927983DD100FB5C50 /* Frameworks */ = {
			isa = PBXFrameworksBuildPhase;
			buildActionMask = 2147483647;
			files = (
			);
			runOnlyForDeploymentPostprocessing = 0;
		};
/* End PBXFrameworksBuildPhase section */

/* Begin PBXGroup section */
		225284A327983DD000FB5C50 = {
			isa = PBXGroup;
			children = (
				225284AE27983DD000FB5C50 /* Bitrise_Demo */,
				225284C527983DD100FB5C50 /* Bitrise_DemoTests */,
				225284CF27983DD100FB5C50 /* Bitrise_DemoUITests */,
				225284AD27983DD000FB5C50 /* Products */,
			);
			sourceTree = "<group>";
		};
		225284AD27983DD000FB5C50 /* Products */ = {
			isa = PBXGroup;
			children = (
				225284AC27983DD000FB5C50 /* Bitrise_Demo.app */,
				225284C227983DD100FB5C50 /* Bitrise_DemoTests.xctest */,
				225284CC27983DD100FB5C50 /* Bitrise_DemoUITests.xctest */,
			);
			name = Products;
			sourceTree = "<group>";
		};
		225284AE27983DD000FB5C50 /* Bitrise_Demo */ = {
			isa = PBXGroup;
			children = (
				225284AF27983DD000FB5C50 /* AppDelegate.swift */,
				225284B127983DD000FB5C50 /* SceneDelegate.swift */,
				225284B327983DD000FB5C50 /* ViewController.swift */,
				225284B527983DD000FB5C50 /* Main.storyboard */,
				225284B827983DD100FB5C50 /* Assets.xcassets */,
				225284BA27983DD100FB5C50 /* LaunchScreen.storyboard */,
				225284BD27983DD100FB5C50 /* Info.plist */,
			);
			path = Bitrise_Demo;
			sourceTree = "<group>";
		};
		225284C527983DD100FB5C50 /* Bitrise_DemoTests */ = {
			isa = PBXGroup;
			children = (
				225284C627983DD100FB5C50 /* Bitrise_DemoTests.swift */,
			);
			path = Bitrise_DemoTests;
			sourceTree = "<group>";
		};
		225284CF27983DD100FB5C50 /* Bitrise_DemoUITests */ = {
			isa = PBXGroup;
			children = (
				225284D027983DD100FB5C50 /* Bitrise_DemoUITests.swift */,
				225284D227983DD100FB5C50 /* Bitrise_DemoUITestsLaunchTests.swift */,
			);
			path = Bitrise_DemoUITests;
			sourceTree = "<group>";
		};
/* End PBXGroup section */

/* Begin PBXNativeTarget section */
		225284AB27983DD000FB5C50 /* Bitrise_Demo */ = {
			isa = PBXNativeTarget;
			buildConfigurationList = 225284D627983DD100FB5C50 /* Build configuration list for PBXNativeTarget "Bitrise_Demo" */;
			buildPhases = (
				225284A827983DD000FB5C50 /* Sources */,
				225284A927983DD000FB5C50 /* Frameworks */,
				225284AA27983DD000FB5C50 /* Resources */,
			);
			buildRules = (
			);
			dependencies = (
			);
			name = Bitrise_Demo;
			productName = Bitrise_Demo;
			productReference = 225284AC27983DD000FB5C50 /* Bitrise_Demo.app */;
			productType = "com.apple.product-type.application";
		};
		225284C127983DD100FB5C50 /* Bitrise_DemoTests */ = {
			isa = PBXNativeTarget;
			buildConfigurationList = 225284D927983DD100FB5C50 /* Build configuration list for PBXNativeTarget "Bitrise_DemoTests" */;
			buildPhases = (
				225284BE27983DD100FB5C50 /* Sources */,
				225284BF27983DD100FB5C50 /* Frameworks */,
				225284C027983DD100FB5C50 /* Resources */,
			);
			buildRules = (
			);
			dependencies = (
				225284C427983DD100FB5C50 /* PBXTargetDependency */,
			);
			name = Bitrise_DemoTests;
			productName = Bitrise_DemoTests;
			productReference = 225284C227983DD100FB5C50 /* Bitrise_DemoTests.xctest */;
			productType = "com.apple.product-type.bundle.unit-test";
		};
		225284CB27983DD100FB5C50 /* Bitrise_DemoUITests */ = {
			isa = PBXNativeTarget;
			buildConfigurationList = 225284DC27983DD100FB5C50 /* Build configuration list for PBXNativeTarget "Bitrise_DemoUITests" */;
			buildPhases = (
				225284C827983DD100FB5C50 /* Sources */,
				225284C927983DD100FB5C50 /* Frameworks */,
				225284CA27983DD100FB5C50 /* Resources */,
			);
			buildRules = (
			);
			dependencies = (
				225284CE27983DD100FB5C50 /* PBXTargetDependency */,
			);
			name = Bitrise_DemoUITests;
			productName = Bitrise_DemoUITests;
			productReference = 225284CC27983DD100FB5C50 /* Bitrise_DemoUITests.xctest */;
			productType = "com.apple.product-type.bundle.ui-testing";
		};
/* End PBXNativeTarget section */

/* Begin PBXProject section */
		225284A427983DD000FB5C50 /* Project object */ = {
			isa = PBXProject;
			attributes = {
				BuildIndependentTargetsInParallel = 1;
				LastSwiftUpdateCheck = 1310;
				LastUpgradeCheck = 1310;
				TargetAttributes = {
					225284AB27983DD000FB5C50 = {
						CreatedOnToolsVersion = 13.1;
					};
					225284C127983DD100FB5C50 = {
						CreatedOnToolsVersion = 13.1;
						TestTargetID = 225284AB27983DD000FB5C50;
					};
					225284CB27983DD100FB5C50 = {
						CreatedOnToolsVersion = 13.1;
						TestTargetID = 225284AB27983DD000FB5C50;
					};
				};
			};
			buildConfigurationList = 225284A727983DD000FB5C50 /* Build configuration list for PBXProject "Bitrise_Demo" */;
			compatibilityVersion = "Xcode 13.0";
			developmentRegion = en;
			hasScannedForEncodings = 0;
			knownRegions = (
				en,
				Base,
			);
			mainGroup = 225284A327983DD000FB5C50;
			productRefGroup = 225284AD27983DD000FB5C50 /* Products */;
			projectDirPath = "";
			projectRoot = "";
			targets = (
				225284AB27983DD000FB5C50 /* Bitrise_Demo */,
				225284C127983DD100FB5C50 /* Bitrise_DemoTests */,
				225284CB27983DD100FB5C50 /* Bitrise_DemoUITests */,
			);
		};
/* End PBXProject section */

/* Begin PBXResourcesBuildPhase section */
		225284AA27983DD000FB5C50 /* Resources */ = {
			isa = PBXResourcesBuildPhase;
			buildActionMask = 2147483647;
			files = (
				225284BC27983DD100FB5C50 /* LaunchScreen.storyboard in Resources */,
				225284B927983DD100FB5C50 /* Assets.xcassets in Resources */,
				225284B727983DD000FB5C50 /* Main.storyboard in Resources */,
			);
			runOnlyForDeploymentPostprocessing = 0;
		};
		225284C027983DD100FB5C50 /* Resources */ = {
			isa = PBXResourcesBuildPhase;
			buildActionMask = 2147483647;
			files = (
			);
			runOnlyForDeploymentPostprocessing = 0;
		};
		225284CA27983DD100FB5C50 /* Resources */ = {
			isa = PBXResourcesBuildPhase;
			buildActionMask = 2147483647;
			files = (
			);
			runOnlyForDeploymentPostprocessing = 0;
		};
/* End PBXResourcesBuildPhase section */

/* Begin PBXSourcesBuildPhase section */
		225284A827983DD000FB5C50 /* Sources */ = {
			isa = PBXSourcesBuildPhase;
			buildActionMask = 2147483647;
			files = (
				225284B427983DD000FB5C50 /* ViewController.swift in Sources */,
				225284B027983DD000FB5C50 /* AppDelegate.swift in Sources */,
				225284B227983DD000FB5C50 /* SceneDelegate.swift in Sources */,
			);
			runOnlyForDeploymentPostprocessing = 0;
		};
		225284BE27983DD100FB5C50 /* Sources */ = {
			isa = PBXSourcesBuildPhase;
			buildActionMask = 2147483647;
			files = (
				225284C727983DD100FB5C50 /* Bitrise_DemoTests.swift in Sources */,
			);
			runOnlyForDeploymentPostprocessing = 0;
		};
		225284C827983DD100FB5C50 /* Sources */ = {
			isa = PBXSourcesBuildPhase;
			buildActionMask = 2147483647;
			files = (
				225284D327983DD100FB5C50 /* Bitrise_DemoUITestsLaunchTests.swift in Sources */,
				225284D127983DD100FB5C50 /* Bitrise_DemoUITests.swift in Sources */,
			);
			runOnlyForDeploymentPostprocessing = 0;
		};
/* End PBXSourcesBuildPhase section */

/* Begin PBXTargetDependency section */
		225284C427983DD100FB5C50 /* PBXTargetDependency */ = {
			isa = PBXTargetDependency;
			target = 225284AB27983DD000FB5C50 /* Bitrise_Demo */;
			targetProxy = 225284C327983DD100FB5C50 /* PBXContainerItemProxy */;
		};
		225284CE27983DD100FB5C50 /* PBXTargetDependency */ = {
			isa = PBXTargetDependency;
			target = 225284AB27983DD000FB5C50 /* Bitrise_Demo */;
			targetProxy = 225284CD27983DD100FB5C50 /* PBXContainerItemProxy */;
		};
/* End PBXTargetDependency section */

/* Begin PBXVariantGroup section */
		225284B527983DD000FB5C50 /* Main.storyboard */ = {
			isa = PBXVariantGroup;
			children = (
				225284B627983DD000FB5C50 /* Base */,
			);
			name = Main.storyboard;
			sourceTree = "<group>";
		};
		225284BA27983DD100FB5C50 /* LaunchScreen.storyboard */ = {
			isa = PBXVariantGroup;
			children = (
				225284BB27983DD100FB5C50 /* Base */,
			);
			name = LaunchScreen.storyboard;
			sourceTree = "<group>";
		};
/* End PBXVariantGroup section */

/* Begin XCBuildConfiguration section */
		225284D427983DD100FB5C50 /* Debug */ = {
			isa = XCBuildConfiguration;
			buildSettings = {
				ALWAYS_SEARCH_USER_PATHS = NO;
				CLANG_ANALYZER_NONNULL = YES;
				CLANG_ANALYZER_NUMBER_OBJECT_CONVERSION = YES_AGGRESSIVE;
				CLANG_CXX_LANGUAGE_STANDARD = "gnu++17";
				CLANG_CXX_LIBRARY = "libc++";
				CLANG_ENABLE_MODULES = YES;
				CLANG_ENABLE_OBJC_ARC = YES;
				CLANG_ENABLE_OBJC_WEAK = YES;
				CLANG_WARN_BLOCK_CAPTURE_AUTORELEASING = YES;
				CLANG_WARN_BOOL_CONVERSION = YES;
				CLANG_WARN_COMMA = YES;
				CLANG_WARN_CONSTANT_CONVERSION = YES;
				CLANG_WARN_DEPRECATED_OBJC_IMPLEMENTATIONS = YES;
				CLANG_WARN_DIRECT_OBJC_ISA_USAGE = YES_ERROR;
				CLANG_WARN_DOCUMENTATION_COMMENTS = YES;
				CLANG_WARN_EMPTY_BODY = YES;
				CLANG_WARN_ENUM_CONVERSION = YES;
				CLANG_WARN_INFINITE_RECURSION = YES;
				CLANG_WARN_INT_CONVERSION = YES;
				CLANG_WARN_NON_LITERAL_NULL_CONVERSION = YES;
				CLANG_WARN_OBJC_IMPLICIT_RETAIN_SELF = YES;
				CLANG_WARN_OBJC_LITERAL_CONVERSION = YES;
				CLANG_WARN_OBJC_ROOT_CLASS = YES_ERROR;
				CLANG_WARN_QUOTED_INCLUDE_IN_FRAMEWORK_HEADER = YES;
				CLANG_WARN_RANGE_LOOP_ANALYSIS = YES;
				CLANG_WARN_STRICT_PROTOTYPES = YES;
				CLANG_WARN_SUSPICIOUS_MOVE = YES;
				CLANG_WARN_UNGUARDED_AVAILABILITY = YES_AGGRESSIVE;
				CLANG_WARN_UNREACHABLE_CODE = YES;
				CLANG_WARN__DUPLICATE_METHOD_MATCH = YES;
				COPY_PHASE_STRIP = NO;
				DEBUG_INFORMATION_FORMAT = dwarf;
				ENABLE_STRICT_OBJC_MSGSEND = YES;
				ENABLE_TESTABILITY = YES;
				GCC_C_LANGUAGE_STANDARD = gnu11;
				GCC_DYNAMIC_NO_PIC = NO;
				GCC_NO_COMMON_BLOCKS = YES;
				GCC_OPTIMIZATION_LEVEL = 0;
				GCC_PREPROCESSOR_DEFINITIONS = (
					"DEBUG=1",
					"$(inherited)",
				);
				GCC_WARN_64_TO_32_BIT_CONVERSION = YES;
				GCC_WARN_ABOUT_RETURN_TYPE = YES_ERROR;
				GCC_WARN_UNDECLARED_SELECTOR = YES;
				GCC_WARN_UNINITIALIZED_AUTOS = YES_AGGRESSIVE;
				GCC_WARN_UNUSED_FUNCTION = YES;
				GCC_WARN_UNUSED_VARIABLE = YES;
				IPHONEOS_DEPLOYMENT_TARGET = 15.0;
				MTL_ENABLE_DEBUG_INFO = INCLUDE_SOURCE;
				MTL_FAST_MATH = YES;
				ONLY_ACTIVE_ARCH = YES;
				SDKROOT = iphoneos;
				SWIFT_ACTIVE_COMPILATION_CONDITIONS = DEBUG;
				SWIFT_OPTIMIZATION_LEVEL = "-Onone";
			};
			name = Debug;
		};
		225284D527983DD100FB5C50 /* Release */ = {
			isa = XCBuildConfiguration;
			buildSettings = {
				ALWAYS_SEARCH_USER_PATHS = NO;
				CLANG_ANALYZER_NONNULL = YES;
				CLANG_ANALYZER_NUMBER_OBJECT_CONVERSION = YES_AGGRESSIVE;
				CLANG_CXX_LANGUAGE_STANDARD = "gnu++17";
				CLANG_CXX_LIBRARY = "libc++";
				CLANG_ENABLE_MODULES = YES;
				CLANG_ENABLE_OBJC_ARC = YES;
				CLANG_ENABLE_OBJC_WEAK = YES;
				CLANG_WARN_BLOCK_CAPTURE_AUTORELEASING = YES;
				CLANG_WARN_BOOL_CONVERSION = YES;
				CLANG_WARN_COMMA = YES;
				CLANG_WARN_CONSTANT_CONVERSION = YES;
				CLANG_WARN_DEPRECATED_OBJC_IMPLEMENTATIONS = YES;
				CLANG_WARN_DIRECT_OBJC_ISA_USAGE = YES_ERROR;
				CLANG_WARN_DOCUMENTATION_COMMENTS = YES;
				CLANG_WARN_EMPTY_BODY = YES;
				CLANG_WARN_ENUM_CONVERSION = YES;
				CLANG_WARN_INFINITE_RECURSION = YES;
				CLANG_WARN_INT_CONVERSION = YES;
				CLANG_WARN_NON_LITERAL_NULL_CONVERSION = YES;
				CLANG_WARN_OBJC_IMPLICIT_RETAIN_SELF = YES;
				CLANG_WARN_OBJC_LITERAL_CONVERSION = YES;
				CLANG_WARN_OBJC_ROOT_CLASS = YES_ERROR;
				CLANG_WARN_QUOTED_INCLUDE_IN_FRAMEWORK_HEADER = YES;
				CLANG_WARN_RANGE_LOOP_ANALYSIS = YES;
				CLANG_WARN_STRICT_PROTOTYPES = YES;
				CLANG_WARN_SUSPICIOUS_MOVE = YES;
				CLANG_WARN_UNGUARDED_AVAILABILITY = YES_AGGRESSIVE;
				CLANG_WARN_UNREACHABLE_CODE = YES;
				CLANG_WARN__DUPLICATE_METHOD_MATCH = YES;
				COPY_PHASE_STRIP = NO;
				DEBUG_INFORMATION_FORMAT = "dwarf-with-dsym";
				ENABLE_NS_ASSERTIONS = NO;
				ENABLE_STRICT_OBJC_MSGSEND = YES;
				GCC_C_LANGUAGE_STANDARD = gnu11;
				GCC_NO_COMMON_BLOCKS = YES;
				GCC_WARN_64_TO_32_BIT_CONVERSION = YES;
				GCC_WARN_ABOUT_RETURN_TYPE = YES_ERROR;
				GCC_WARN_UNDECLARED_SELECTOR = YES;
				GCC_WARN_UNINITIALIZED_AUTOS = YES_AGGRESSIVE;
				GCC_WARN_UNUSED_FUNCTION = YES;
				GCC_WARN_UNUSED_VARIABLE = YES;
				IPHONEOS_DEPLOYMENT_TARGET = 15.0;
				MTL_ENABLE_DEBUG_INFO = NO;
				MTL_FAST_MATH = YES;
				SDKROOT = iphoneos;
				SWIFT_COMPILATION_MODE = wholemodule;
				SWIFT_OPTIMIZATION_LEVEL = "-O";
				VALIDATE_PRODUCT = YES;
			};
			name = Release;
		};
		225284D727983DD100FB5C50 /* Debug */ = {
			isa = XCBuildConfiguration;
			buildSettings = {
				ASSETCATALOG_COMPILER_APPICON_NAME = AppIcon;
				ASSETCATALOG_COMPILER_GLOBAL_ACCENT_COLOR_NAME = AccentColor;
				CODE_SIGN_STYLE = Automatic;
				CURRENT_PROJECT_VERSION = 1;
				DEVELOPMENT_TEAM = 9KJ5P97L4M;
				GENERATE_INFOPLIST_FILE = YES;
				INFOPLIST_FILE = Bitrise_Demo/Info.plist;
				INFOPLIST_KEY_UIApplicationSupportsIndirectInputEvents = YES;
				INFOPLIST_KEY_UILaunchStoryboardName = LaunchScreen;
				INFOPLIST_KEY_UIMainStoryboardFile = Main;
				INFOPLIST_KEY_UISupportedInterfaceOrientations_iPad = "UIInterfaceOrientationPortrait UIInterfaceOrientationPortraitUpsideDown UIInterfaceOrientationLandscapeLeft UIInterfaceOrientationLandscapeRight";
				INFOPLIST_KEY_UISupportedInterfaceOrientations_iPhone = "UIInterfaceOrientationPortrait UIInterfaceOrientationLandscapeLeft UIInterfaceOrientationLandscapeRight";
				LD_RUNPATH_SEARCH_PATHS = (
					"$(inherited)",
					"@executable_path/Frameworks",
				);
				MARKETING_VERSION = 1.0;
				PRODUCT_BUNDLE_IDENTIFIER = "GRV.Bitrise-Demo";
				PRODUCT_NAME = "$(TARGET_NAME)";
				SWIFT_EMIT_LOC_STRINGS = YES;
				SWIFT_VERSION = 5.0;
				TARGETED_DEVICE_FAMILY = "1,2";
			};
			name = Debug;
		};
		225284D827983DD100FB5C50 /* Release */ = {
			isa = XCBuildConfiguration;
			buildSettings = {
				ASSETCATALOG_COMPILER_APPICON_NAME = AppIcon;
				ASSETCATALOG_COMPILER_GLOBAL_ACCENT_COLOR_NAME = AccentColor;
				CODE_SIGN_STYLE = Automatic;
				CURRENT_PROJECT_VERSION = 1;
				DEVELOPMENT_TEAM = 9KJ5P97L4M;
				GENERATE_INFOPLIST_FILE = YES;
				INFOPLIST_FILE = Bitrise_Demo/Info.plist;
				INFOPLIST_KEY_UIApplicationSupportsIndirectInputEvents = YES;
				INFOPLIST_KEY_UILaunchStoryboardName = LaunchScreen;
				INFOPLIST_KEY_UIMainStoryboardFile = Main;
				INFOPLIST_KEY_UISupportedInterfaceOrientations_iPad = "UIInterfaceOrientationPortrait UIInterfaceOrientationPortraitUpsideDown UIInterfaceOrientationLandscapeLeft UIInterfaceOrientationLandscapeRight";
				INFOPLIST_KEY_UISupportedInterfaceOrientations_iPhone = "UIInterfaceOrientationPortrait UIInterfaceOrientationLandscapeLeft UIInterfaceOrientationLandscapeRight";
				LD_RUNPATH_SEARCH_PATHS = (
					"$(inherited)",
					"@executable_path/Frameworks",
				);
				MARKETING_VERSION = 1.0;
				PRODUCT_BUNDLE_IDENTIFIER = "GRV.Bitrise-Demo";
				PRODUCT_NAME = "$(TARGET_NAME)";
				SWIFT_EMIT_LOC_STRINGS = YES;
				SWIFT_VERSION = 5.0;
				TARGETED_DEVICE_FAMILY = "1,2";
			};
			name = Release;
		};
		225284DA27983DD100FB5C50 /* Debug */ = {
			isa = XCBuildConfiguration;
			buildSettings = {
				ALWAYS_EMBED_SWIFT_STANDARD_LIBRARIES = YES;
				BUNDLE_LOADER = "$(TEST_HOST)";
				CODE_SIGN_STYLE = Automatic;
				CURRENT_PROJECT_VERSION = 1;
				DEVELOPMENT_TEAM = 9KJ5P97L4M;
				GENERATE_INFOPLIST_FILE = YES;
				IPHONEOS_DEPLOYMENT_TARGET = 15.0;
				LD_RUNPATH_SEARCH_PATHS = (
					"$(inherited)",
					"@executable_path/Frameworks",
					"@loader_path/Frameworks",
				);
				MARKETING_VERSION = 1.0;
				PRODUCT_BUNDLE_IDENTIFIER = "GRV.Bitrise-DemoTests";
				PRODUCT_NAME = "$(TARGET_NAME)";
				SWIFT_EMIT_LOC_STRINGS = NO;
				SWIFT_VERSION = 5.0;
				TARGETED_DEVICE_FAMILY = "1,2";
				TEST_HOST = "$(BUILT_PRODUCTS_DIR)/Bitrise_Demo.app/Bitrise_Demo";
			};
			name = Debug;
		};
		225284DB27983DD100FB5C50 /* Release */ = {
			isa = XCBuildConfiguration;
			buildSettings = {
				ALWAYS_EMBED_SWIFT_STANDARD_LIBRARIES = YES;
				BUNDLE_LOADER = "$(TEST_HOST)";
				CODE_SIGN_STYLE = Automatic;
				CURRENT_PROJECT_VERSION = 1;
				DEVELOPMENT_TEAM = 9KJ5P97L4M;
				GENERATE_INFOPLIST_FILE = YES;
				IPHONEOS_DEPLOYMENT_TARGET = 15.0;
				LD_RUNPATH_SEARCH_PATHS = (
					"$(inherited)",
					"@executable_path/Frameworks",
					"@loader_path/Frameworks",
				);
				MARKETING_VERSION = 1.0;
				PRODUCT_BUNDLE_IDENTIFIER = "GRV.Bitrise-DemoTests";
				PRODUCT_NAME = "$(TARGET_NAME)";
				SWIFT_EMIT_LOC_STRINGS = NO;
				SWIFT_VERSION = 5.0;
				TARGETED_DEVICE_FAMILY = "1,2";
				TEST_HOST = "$(BUILT_PRODUCTS_DIR)/Bitrise_Demo.app/Bitrise_Demo";
			};
			name = Release;
		};
		225284DD27983DD100FB5C50 /* Debug */ = {
			isa = XCBuildConfiguration;
			buildSettings = {
				ALWAYS_EMBED_SWIFT_STANDARD_LIBRARIES = YES;
				CODE_SIGN_STYLE = Automatic;
				CURRENT_PROJECT_VERSION = 1;
				DEVELOPMENT_TEAM = 9KJ5P97L4M;
				GENERATE_INFOPLIST_FILE = YES;
				LD_RUNPATH_SEARCH_PATHS = (
					"$(inherited)",
					"@executable_path/Frameworks",
					"@loader_path/Frameworks",
				);
				MARKETING_VERSION = 1.0;
				PRODUCT_BUNDLE_IDENTIFIER = "GRV.Bitrise-DemoUITests";
				PRODUCT_NAME = "$(TARGET_NAME)";
				SWIFT_EMIT_LOC_STRINGS = NO;
				SWIFT_VERSION = 5.0;
				TARGETED_DEVICE_FAMILY = "1,2";
				TEST_TARGET_NAME = Bitrise_Demo;
			};
			name = Debug;
		};
		225284DE27983DD100FB5C50 /* Release */ = {
			isa = XCBuildConfiguration;
			buildSettings = {
				ALWAYS_EMBED_SWIFT_STANDARD_LIBRARIES = YES;
				CODE_SIGN_STYLE = Automatic;
				CURRENT_PROJECT_VERSION = 1;
				DEVELOPMENT_TEAM = 9KJ5P97L4M;
				GENERATE_INFOPLIST_FILE = YES;
				LD_RUNPATH_SEARCH_PATHS = (
					"$(inherited)",
					"@executable_path/Frameworks",
					"@loader_path/Frameworks",
				);
				MARKETING_VERSION = 1.0;
				PRODUCT_BUNDLE_IDENTIFIER = "GRV.Bitrise-DemoUITests";
				PRODUCT_NAME = "$(TARGET_NAME)";
				SWIFT_EMIT_LOC_STRINGS = NO;
				SWIFT_VERSION = 5.0;
				TARGETED_DEVICE_FAMILY = "1,2";
				TEST_TARGET_NAME = Bitrise_Demo;
			};
			name = Release;
		};
/* End XCBuildConfiguration section */

/* Begin XCConfigurationList section */
		225284A727983DD000FB5C50 /* Build configuration list for PBXProject "Bitrise_Demo" */ = {
			isa = XCConfigurationList;
			buildConfigurations = (
				225284D427983DD100FB5C50 /* Debug */,
				225284D527983DD100FB5C50 /* Release */,
			);
			defaultConfigurationIsVisible = 0;
			defaultConfigurationName = Release;
		};
		225284D627983DD100FB5C50 /* Build configuration list for PBXNativeTarget "Bitrise_Demo" */ = {
			isa = XCConfigurationList;
			buildConfigurations = (
				225284D727983DD100FB5C50 /* Debug */,
				225284D827983DD100FB5C50 /* Release */,
			);
			defaultConfigurationIsVisible = 0;
			defaultConfigurationName = Release;
		};
		225284D927983DD100FB5C50 /* Build configuration list for PBXNativeTarget "Bitrise_DemoTests" */ = {
			isa = XCConfigurationList;
			buildConfigurations = (
				225284DA27983DD100FB5C50 /* Debug */,
				225284DB27983DD100FB5C50 /* Release */,
			);
			defaultConfigurationIsVisible = 0;
			defaultConfigurationName = Release;
		};
		225284DC27983DD100FB5C50 /* Build configuration list for PBXNativeTarget "Bitrise_DemoUITests" */ = {
			isa = XCConfigurationList;
			buildConfigurations = (
				225284DD27983DD100FB5C50 /* Debug */,
				225284DE27983DD100FB5C50 /* Release */,
			);
			defaultConfigurationIsVisible = 0;
			defaultConfigurationName = Release;
		};
/* End XCConfigurationList section */
	};
	rootObject = 225284A427983DD000FB5C50 /* Project object */;
}
